# THIS IS AN AUTOGENERATED FILE. DO NOT EDIT THIS FILE DIRECTLY.
# yarn lockfile v1


"@noir-lang/acvm_js@1.0.0-beta.18":
  version "1.0.0-beta.18"
  resolved "https://registry.yarnpkg.com/@noir-lang/acvm_js/-/acvm_js-1.0.0-beta.18.tgz#631791b41d78a3b373ced1056fed925d1c0ff2fc"
  integrity sha512-QQXAaowxSzGKk+Ua7ofc2jcpvUTYSxmDuF5SzwwOFMue9+ccp9QcqOkjyyIZWjtapcenV7YCXrzcBjvEt7N8Nw==

"@noir-lang/noir_js@1.0.0-beta.18":
  version "1.0.0-beta.18"
  resolved "https://registry.yarnpkg.com/@noir-lang/noir_js/-/noir_js-1.0.0-beta.18.tgz#62a7b90a3fa4ab91db04efe1e90d251a2a787e62"
  integrity sha512-J0VSw13U9SQpejh1sWNEjuKxjl/uJblOmWJMdlpYqCetth9oBAnKv8+IMk0bZlkrjDp22Yf8vMDkf+Qb8KBZ2Q==
  dependencies:
    "@noir-lang/acvm_js" "1.0.0-beta.18"
    "@noir-lang/noirc_abi" "1.0.0-beta.18"
    "@noir-lang/types" "1.0.0-beta.18"
    pako "^2.1.0"

"@noir-lang/noirc_abi@1.0.0-beta.18":
  version "1.0.0-beta.18"
  resolved "https://registry.yarnpkg.com/@noir-lang/noirc_abi/-/noirc_abi-1.0.0-beta.18.tgz#b2a63fd13f91a3d9c00e5b12f7dad04e3856ba55"
  integrity sha512-ZLobgQwGbxBpR4iMQpCpYQS4EaM25Fl31rVkrcteQIwcz5kAknH1Yc5FJYICCxzO1HEFj6coAzF3FXO/Ic4p4Q==
  dependencies:
    "@noir-lang/types" "1.0.0-beta.18"

"@noir-lang/types@1.0.0-beta.18":
  version "1.0.0-beta.18"
  resolved "https://registry.yarnpkg.com/@noir-lang/types/-/types-1.0.0-beta.18.tgz#be128589dfbab2394505bf6e49a08855799b97b2"
  integrity sha512-/1nsk8qFd27P6bW4W5ayUjMQpN6PustwTJEqZPNP//DZ6TrolnWxT/Y+7v9d2/a4OZal61sx177VjQY3U2GZvw==

pako@^2.1.0:
  version "2.1.0"
  resolved "https://registry.yarnpkg.com/pako/-/pako-2.1.0.tgz#266cc37f98c7d883545d11335c00fbd4062c9a86"
  integrity sha512-w+eufiZ1WuJYgPXbV/PO3NCMEc3xqylkKHzp8bxp1uW4qaSNQUkwmLLEc3kKsfz8lpV1F8Ht3U1Cm+9Srog2ug==

typescript@^5.6.0:
  version "5.9.3"
  resolved "https://registry.yarnpkg.com/typescript/-/typescript-5.9.3.tgz#5b4f59e15310ab17a216f5d6cf53ee476ede670f"
  integrity sha512-jl1vZzPDinLr9eUt3J/t7V6FgNEw9QjvBPdysz9KfQDD41fQrC2Y4vKQdiaUpFT4bXlb1RHhLpp8wtm6M5TgSw==
