# THIS IS AN AUTOGENERATED FILE. DO NOT EDIT THIS FILE DIRECTLY.
# yarn lockfile v1


"@noir-lang/acvm_js@1.0.0-beta.22":
  version "1.0.0-beta.22"
  resolved "https://registry.yarnpkg.com/@noir-lang/acvm_js/-/acvm_js-1.0.0-beta.22.tgz#f9ceb29142614a32de9b19c4ccf434f36331e647"
  integrity sha512-2xXfSKrnskUNmPiG/Kj6yvWi1E6wJBl/1ZsmzVaHEEyJsUBf15xaSRBZR7X1361whUR2vqyG80ck2huLZPb5bA==

"@noir-lang/noir_js@1.0.0-beta.22":
  version "1.0.0-beta.22"
  resolved "https://registry.yarnpkg.com/@noir-lang/noir_js/-/noir_js-1.0.0-beta.22.tgz#094b1782623a0533b40b76bb88773c4843c56683"
  integrity sha512-Ts+QI2fN2PsrVjx38CszFSR0TyWpip9TgJ6HM17DIK05Jku4TSKtHMIjrE6lRii4Y+JV0rn70v+TrunJmt/X4w==
  dependencies:
    "@noir-lang/acvm_js" "1.0.0-beta.22"
    "@noir-lang/noirc_abi" "1.0.0-beta.22"
    "@noir-lang/types" "1.0.0-beta.22"
    pako "^2.1.0"

"@noir-lang/noirc_abi@1.0.0-beta.22":
  version "1.0.0-beta.22"
  resolved "https://registry.yarnpkg.com/@noir-lang/noirc_abi/-/noirc_abi-1.0.0-beta.22.tgz#d05c35c238c573b7bc0baf4f6d2bb77432fee7e2"
  integrity sha512-vpZtWb946eb4ZxERxY32I4Fv62SAAjhAyJpb2YzWYvnDVTyFVIvr/MSVunrM1osUP35nnRPRGuXVTWy4sBQkIg==
  dependencies:
    "@noir-lang/types" "1.0.0-beta.22"

"@noir-lang/types@1.0.0-beta.22":
  version "1.0.0-beta.22"
  resolved "https://registry.yarnpkg.com/@noir-lang/types/-/types-1.0.0-beta.22.tgz#4da1e4e209a3dce8051f9d96158be465f521bb31"
  integrity sha512-PXD8cmvMT4wybDe1pUPwv2Uz1FYh9B/hdXrY5eOMf1elNVxomj2tHDDYoKI/zNDrJ1JzTL0xhbAX1vBTMMFvBw==

pako@^2.1.0:
  version "2.1.0"
  resolved "https://registry.yarnpkg.com/pako/-/pako-2.1.0.tgz#266cc37f98c7d883545d11335c00fbd4062c9a86"
  integrity sha512-w+eufiZ1WuJYgPXbV/PO3NCMEc3xqylkKHzp8bxp1uW4qaSNQUkwmLLEc3kKsfz8lpV1F8Ht3U1Cm+9Srog2ug==

typescript@^5.6.0:
  version "5.9.3"
  resolved "https://registry.yarnpkg.com/typescript/-/typescript-5.9.3.tgz#5b4f59e15310ab17a216f5d6cf53ee476ede670f"
  integrity sha512-jl1vZzPDinLr9eUt3J/t7V6FgNEw9QjvBPdysz9KfQDD41fQrC2Y4vKQdiaUpFT4bXlb1RHhLpp8wtm6M5TgSw==
